Microsoft Visual Studio Solution File, Format Version 12.00
# Visual Studio Version 16
VisualStudioVersion = 16.0.30517.126
MinimumVisualStudioVersion = 10.0.40219.1
Project("{FAE04EC0-301F-11D3-BF4B-00C04F79EFBC}") = "Recipes.Android", "WhatToEat.Android\Recipes.Android.csproj", "{AB44EB8D-CD9A-4B0A-ACCB-B2052DD41E68}"
EndProject
Project("{FAE04EC0-301F-11D3-BF4B-00C04F79EFBC}") = "Recipes.iOS", "WhatToEat.iOS\Recipes.iOS.csproj", "{DF0C7B31-B763-4617-96E9-1858922D5D26}"
EndProject
Project("{9A19103F-16F7-4668-BE54-9A1E7A4F7556}") = "Recipes", "WhatToEat\Recipes.csproj", "{A2021E63-BCCF-411E-B0AE-DF2EABB8EB34}"
EndProject
Project("{FAE04EC0-301F-11D3-BF4B-00C04F79EFBC}") = "Recipes.UWP", "Recipes.UWP\Recipes.UWP.csproj", "{C16953DB-9DBA-476B-B2E8-6FBDF78F41E5}"
EndProject
Global
	GlobalSection(SolutionConfigurationPlatforms) = preSolution
		Debug|Any CPU = Debug|Any CPU
		Debug|ARM = Debug|ARM
		Debug|ARM64 = Debug|ARM64
		Debug|iPhone = Debug|iPhone
		Debug|iPhoneSimulator = Debug|iPhoneSimulator
		Debug|x64 = Debug|x64
		Debug|x86 = Debug|x86
		Release|Any CPU = Release|Any CPU
		Release|ARM = Release|ARM
		Release|ARM64 = Release|ARM64
		Release|iPhone = Release|iPhone
		Release|iPhoneSimulator = Release|iPhoneSimulator
		Release|x64 = Release|x64
		Release|x86 = Release|x86
	EndGlobalSection
	GlobalSection(ProjectConfigurationPlatforms) = postSolution
		{AB44EB8D-CD9A-4B0A-ACCB-B2052DD41E68}.Debug|Any CPU.ActiveCfg = Debug|Any CPU
		{AB44EB8D-CD9A-4B0A-ACCB-B2052DD41E68}.Debug|Any CPU.Build.0 = Debug|Any CPU
		{AB44EB8D-CD9A-4B0A-ACCB-B2052DD41E68}.Debug|Any CPU.Deploy.0 = Debug|Any CPU
		{AB44EB8D-CD9A-4B0A-ACCB-B2052DD41E68}.Debug|ARM.ActiveCfg = Debug|Any CPU
		{AB44EB8D-CD9A-4B0A-ACCB-B2052DD41E68}.Debug|ARM.Build.0 = Debug|Any CPU
		{AB44EB8D-CD9A-4B0A-ACCB-B2052DD41E68}.Debug|ARM.Deploy.0 = Debug|Any CPU
		{AB44EB8D-CD9A-4B0A-ACCB-B2052DD41E68}.Debug|ARM64.ActiveCfg = Debug|Any CPU
		{AB44EB8D-CD9A-4B0A-ACCB-B2052DD41E68}.Debug|ARM64.Build.0 = Debug|Any CPU
		{AB44EB8D-CD9A-4B0A-ACCB-B2052DD41E68}.Debug|ARM64.Deploy.0 = Debug|Any CPU
		{AB44EB8D-CD9A-4B0A-ACCB-B2052DD41E68}.Debug|iPhone.ActiveCfg = Debug|Any CPU
		{AB44EB8D-CD9A-4B0A-ACCB-B2052DD41E68}.Debug|iPhone.Build.0 = Debug|Any CPU
		{AB44EB8D-CD9A-4B0A-ACCB-B2052DD41E68}.Debug|iPhoneSimulator.ActiveCfg = Debug|Any CPU
		{AB44EB8D-CD9A-4B0A-ACCB-B2052DD41E68}.Debug|iPhoneSimulator.Build.0 = Debug|Any CPU
		{AB44EB8D-CD9A-4B0A-ACCB-B2052DD41E68}.Debug|x64.ActiveCfg = Debug|Any CPU
		{AB44EB8D-CD9A-4B0A-ACCB-B2052DD41E68}.Debug|x64.Build.0 = Debug|Any CPU
		{AB44EB8D-CD9A-4B0A-ACCB-B2052DD41E68}.Debug|x64.Deploy.0 = Debug|Any CPU
		{AB44EB8D-CD9A-4B0A-ACCB-B2052DD41E68}.Debug|x86.ActiveCfg = Debug|Any CPU
		{AB44EB8D-CD9A-4B0A-ACCB-B2052DD41E68}.Debug|x86.Build.0 = Debug|Any CPU
		{AB44EB8D-CD9A-4B0A-ACCB-B2052DD41E68}.Debug|x86.Deploy.0 = Debug|Any CPU
		{AB44EB8D-CD9A-4B0A-ACCB-B2052DD41E68}.Release|Any CPU.ActiveCfg = Release|Any CPU
		{AB44EB8D-CD9A-4B0A-ACCB-B2052DD41E68}.Release|Any CPU.Build.0 = Release|Any CPU
		{AB44EB8D-CD9A-4B0A-ACCB-B2052DD41E68}.Release|ARM.ActiveCfg = Release|Any CPU
		{AB44EB8D-CD9A-4B0A-ACCB-B2052DD41E68}.Release|ARM.Build.0 = Release|Any CPU
		{AB44EB8D-CD9A-4B0A-ACCB-B2052DD41E68}.Release|ARM.Deploy.0 = Release|Any CPU
		{AB44EB8D-CD9A-4B0A-ACCB-B2052DD41E68}.Release|ARM64.ActiveCfg = Release|Any CPU
		{AB44EB8D-CD9A-4B0A-ACCB-B2052DD41E68}.Release|ARM64.Build.0 = Release|Any CPU
		{AB44EB8D-CD9A-4B0A-ACCB-B2052DD41E68}.Release|ARM64.Deploy.0 = Release|Any CPU
		{AB44EB8D-CD9A-4B0A-ACCB-B2052DD41E68}.Release|iPhone.ActiveCfg = Release|Any CPU
		{AB44EB8D-CD9A-4B0A-ACCB-B2052DD41E68}.Release|iPhone.Build.0 = Release|Any CPU
		{AB44EB8D-CD9A-4B0A-ACCB-B2052DD41E68}.Release|iPhoneSimulator.ActiveCfg = Release|Any CPU
		{AB44EB8D-CD9A-4B0A-ACCB-B2052DD41E68}.Release|iPhoneSimulator.Build.0 = Release|Any CPU
		{AB44EB8D-CD9A-4B0A-ACCB-B2052DD41E68}.Release|x64.ActiveCfg = Release|Any CPU
		{AB44EB8D-CD9A-4B0A-ACCB-B2052DD41E68}.Release|x64.Build.0 = Release|Any CPU
		{AB44EB8D-CD9A-4B0A-ACCB-B2052DD41E68}.Release|x64.Deploy.0 = Release|Any CPU
		{AB44EB8D-CD9A-4B0A-ACCB-B2052DD41E68}.Release|x86.ActiveCfg = Release|Any CPU
		{AB44EB8D-CD9A-4B0A-ACCB-B2052DD41E68}.Release|x86.Build.0 = Release|Any CPU
		{AB44EB8D-CD9A-4B0A-ACCB-B2052DD41E68}.Release|x86.Deploy.0 = Release|Any CPU
		{DF0C7B31-B763-4617-96E9-1858922D5D26}.Debug|Any CPU.ActiveCfg = Debug|iPhoneSimulator
		{DF0C7B31-B763-4617-96E9-1858922D5D26}.Debug|Any CPU.Build.0 = Debug|iPhoneSimulator
		{DF0C7B31-B763-4617-96E9-1858922D5D26}.Debug|ARM.ActiveCfg = Debug|iPhone
		{DF0C7B31-B763-4617-96E9-1858922D5D26}.Debug|ARM64.ActiveCfg = Debug|iPhone
		{DF0C7B31-B763-4617-96E9-1858922D5D26}.Debug|iPhone.ActiveCfg = Debug|iPhone
		{DF0C7B31-B763-4617-96E9-1858922D5D26}.Debug|iPhone.Build.0 = Debug|iPhone
		{DF0C7B31-B763-4617-96E9-1858922D5D26}.Debug|iPhoneSimulator.ActiveCfg = Debug|iPhoneSimulator
		{DF0C7B31-B763-4617-96E9-1858922D5D26}.Debug|iPhoneSimulator.Build.0 = Debug|iPhoneSimulator
		{DF0C7B31-B763-4617-96E9-1858922D5D26}.Debug|x64.ActiveCfg = Debug|iPhone
		{DF0C7B31-B763-4617-96E9-1858922D5D26}.Debug|x86.ActiveCfg = Debug|iPhone
		{DF0C7B31-B763-4617-96E9-1858922D5D26}.Release|Any CPU.ActiveCfg = Release|iPhoneSimulator
		{DF0C7B31-B763-4617-96E9-1858922D5D26}.Release|Any CPU.Build.0 = Release|iPhoneSimulator
		{DF0C7B31-B763-4617-96E9-1858922D5D26}.Release|ARM.ActiveCfg = Release|iPhone
		{DF0C7B31-B763-4617-96E9-1858922D5D26}.Release|ARM64.ActiveCfg = Release|iPhone
		{DF0C7B31-B763-4617-96E9-1858922D5D26}.Release|iPhone.ActiveCfg = Release|iPhone
		{DF0C7B31-B763-4617-96E9-1858922D5D26}.Release|iPhone.Build.0 = Release|iPhone
		{DF0C7B31-B763-4617-96E9-1858922D5D26}.Release|iPhoneSimulator.ActiveCfg = Release|iPhoneSimulator
		{DF0C7B31-B763-4617-96E9-1858922D5D26}.Release|iPhoneSimulator.Build.0 = Release|iPhoneSimulator
		{DF0C7B31-B763-4617-96E9-1858922D5D26}.Release|x64.ActiveCfg = Release|iPhone
		{DF0C7B31-B763-4617-96E9-1858922D5D26}.Release|x86.ActiveCfg = Release|iPhone
		{A2021E63-BCCF-411E-B0AE-DF2EABB8EB34}.Debug|Any CPU.ActiveCfg = Debug|Any CPU
		{A2021E63-BCCF-411E-B0AE-DF2EABB8EB34}.Debug|Any CPU.Build.0 = Debug|Any CPU
		{A2021E63-BCCF-411E-B0AE-DF2EABB8EB34}.Debug|ARM.ActiveCfg = Debug|Any CPU
		{A2021E63-BCCF-411E-B0AE-DF2EABB8EB34}.Debug|ARM.Build.0 = Debug|Any CPU
		{A2021E63-BCCF-411E-B0AE-DF2EABB8EB34}.Debug|ARM64.ActiveCfg = Debug|Any CPU
		{A2021E63-BCCF-411E-B0AE-DF2EABB8EB34}.Debug|ARM64.Build.0 = Debug|Any CPU
		{A2021E63-BCCF-411E-B0AE-DF2EABB8EB34}.Debug|iPhone.ActiveCfg = Debug|Any CPU
		{A2021E63-BCCF-411E-B0AE-DF2EABB8EB34}.Debug|iPhone.Build.0 = Debug|Any CPU
		{A2021E63-BCCF-411E-B0AE-DF2EABB8EB34}.Debug|iPhoneSimulator.ActiveCfg = Debug|Any CPU
		{A2021E63-BCCF-411E-B0AE-DF2EABB8EB34}.Debug|iPhoneSimulator.Build.0 = Debug|Any CPU
		{A2021E63-BCCF-411E-B0AE-DF2EABB8EB34}.Debug|x64.ActiveCfg = Debug|Any CPU
		{A2021E63-BCCF-411E-B0AE-DF2EABB8EB34}.Debug|x64.Build.0 = Debug|Any CPU
		{A2021E63-BCCF-411E-B0AE-DF2EABB8EB34}.Debug|x86.ActiveCfg = Debug|Any CPU
		{A2021E63-BCCF-411E-B0AE-DF2EABB8EB34}.Debug|x86.Build.0 = Debug|Any CPU
		{A2021E63-BCCF-411E-B0AE-DF2EABB8EB34}.Release|Any CPU.ActiveCfg = Release|Any CPU
		{A2021E63-BCCF-411E-B0AE-DF2EABB8EB34}.Release|Any CPU.Build.0 = Release|Any CPU
		{A2021E63-BCCF-411E-B0AE-DF2EABB8EB34}.Release|ARM.ActiveCfg = Release|Any CPU
		{A2021E63-BCCF-411E-B0AE-DF2EABB8EB34}.Release|ARM.Build.0 = Release|Any CPU
		{A2021E63-BCCF-411E-B0AE-DF2EABB8EB34}.Release|ARM64.ActiveCfg = Release|Any CPU
		{A2021E63-BCCF-411E-B0AE-DF2EABB8EB34}.Release|ARM64.Build.0 = Release|Any CPU
		{A2021E63-BCCF-411E-B0AE-DF2EABB8EB34}.Release|iPhone.ActiveCfg = Release|Any CPU
		{A2021E63-BCCF-411E-B0AE-DF2EABB8EB34}.Release|iPhone.Build.0 = Release|Any CPU
		{A2021E63-BCCF-411E-B0AE-DF2EABB8EB34}.Release|iPhoneSimulator.ActiveCfg = Release|Any CPU
		{A2021E63-BCCF-411E-B0AE-DF2EABB8EB34}.Release|iPhoneSimulator.Build.0 = Release|Any CPU
		{A2021E63-BCCF-411E-B0AE-DF2EABB8EB34}.Release|x64.ActiveCfg = Release|Any CPU
		{A2021E63-BCCF-411E-B0AE-DF2EABB8EB34}.Release|x64.Build.0 = Release|Any CPU
		{A2021E63-BCCF-411E-B0AE-DF2EABB8EB34}.Release|x86.ActiveCfg = Release|Any CPU
		{A2021E63-BCCF-411E-B0AE-DF2EABB8EB34}.Release|x86.Build.0 = Release|Any CPU
		{C16953DB-9DBA-476B-B2E8-6FBDF78F41E5}.Debug|Any CPU.ActiveCfg = Debug|x86
		{C16953DB-9DBA-476B-B2E8-6FBDF78F41E5}.Debug|ARM.ActiveCfg = Debug|ARM
		{C16953DB-9DBA-476B-B2E8-6FBDF78F41E5}.Debug|ARM.Build.0 = Debug|ARM
		{C16953DB-9DBA-476B-B2E8-6FBDF78F41E5}.Debug|ARM.Deploy.0 = Debug|ARM
		{C16953DB-9DBA-476B-B2E8-6FBDF78F41E5}.Debug|ARM64.ActiveCfg = Debug|ARM64
		{C16953DB-9DBA-476B-B2E8-6FBDF78F41E5}.Debug|ARM64.Build.0 = Debug|ARM64
		{C16953DB-9DBA-476B-B2E8-6FBDF78F41E5}.Debug|ARM64.Deploy.0 = Debug|ARM64
		{C16953DB-9DBA-476B-B2E8-6FBDF78F41E5}.Debug|iPhone.ActiveCfg = Debug|x86
		{C16953DB-9DBA-476B-B2E8-6FBDF78F41E5}.Debug|iPhoneSimulator.ActiveCfg = Debug|x86
		{C16953DB-9DBA-476B-B2E8-6FBDF78F41E5}.Debug|x64.ActiveCfg = Debug|x64
		{C16953DB-9DBA-476B-B2E8-6FBDF78F41E5}.Debug|x64.Build.0 = Debug|x64
		{C16953DB-9DBA-476B-B2E8-6FBDF78F41E5}.Debug|x64.Deploy.0 = Debug|x64
		{C16953DB-9DBA-476B-B2E8-6FBDF78F41E5}.Debug|x86.ActiveCfg = Debug|x86
		{C16953DB-9DBA-476B-B2E8-6FBDF78F41E5}.Debug|x86.Build.0 = Debug|x86
		{C16953DB-9DBA-476B-B2E8-6FBDF78F41E5}.Debug|x86.Deploy.0 = Debug|x86
		{C16953DB-9DBA-476B-B2E8-6FBDF78F41E5}.Release|Any CPU.ActiveCfg = Release|x86
		{C16953DB-9DBA-476B-B2E8-6FBDF78F41E5}.Release|ARM.ActiveCfg = Release|ARM
		{C16953DB-9DBA-476B-B2E8-6FBDF78F41E5}.Release|ARM.Build.0 = Release|ARM
		{C16953DB-9DBA-476B-B2E8-6FBDF78F41E5}.Release|ARM.Deploy.0 = Release|ARM
		{C16953DB-9DBA-476B-B2E8-6FBDF78F41E5}.Release|ARM64.ActiveCfg = Release|ARM64
		{C16953DB-9DBA-476B-B2E8-6FBDF78F41E5}.Release|ARM64.Build.0 = Release|ARM64
		{C16953DB-9DBA-476B-B2E8-6FBDF78F41E5}.Release|ARM64.Deploy.0 = Release|ARM64
		{C16953DB-9DBA-476B-B2E8-6FBDF78F41E5}.Release|iPhone.ActiveCfg = Release|x86
		{C16953DB-9DBA-476B-B2E8-6FBDF78F41E5}.Release|iPhoneSimulator.ActiveCfg = Release|x86
		{C16953DB-9DBA-476B-B2E8-6FBDF78F41E5}.Release|x64.ActiveCfg = Release|x64
		{C16953DB-9DBA-476B-B2E8-6FBDF78F41E5}.Release|x64.Build.0 = Release|x64
		{C16953DB-9DBA-476B-B2E8-6FBDF78F41E5}.Release|x64.Deploy.0 = Release|x64
		{C16953DB-9DBA-476B-B2E8-6FBDF78F41E5}.Release|x86.ActiveCfg = Release|x86
		{C16953DB-9DBA-476B-B2E8-6FBDF78F41E5}.Release|x86.Build.0 = Release|x86
		{C16953DB-9DBA-476B-B2E8-6FBDF78F41E5}.Release|x86.Deploy.0 = Release|x86
	EndGlobalSection
	GlobalSection(SolutionProperties) = preSolution
		HideSolutionNode = FALSE
	EndGlobalSection
	GlobalSection(ExtensibilityGlobals) = postSolution
		SolutionGuid = {0CFA77A0-D78C-48CB-884F-4627FC7138FF}
	EndGlobalSection
EndGlobal
